
Microsoft Visual Studio Solution File, Format Version 12.00
# Visual Studio Version 17
VisualStudioVersion = 17.11.35312.102
MinimumVisualStudioVersion = 10.0.40219.1
Project("{FAE04EC0-301F-11D3-BF4B-00C04F79EFBC}") = "Rimbody_StatModule", "Rimbody_StatModule\Rimbody_StatModule.csproj", "{C4E4E3D5-6174-4612-B2AD-1D53C48C872A}"
EndProject
Global
	GlobalSection(SolutionConfigurationPlatforms) = preSolution
		Debug|Any CPU = Debug|Any CPU
		Release|Any CPU = Release|Any CPU
	EndGlobalSection
	GlobalSection(ProjectConfigurationPlatforms) = postSolution
		{C4E4E3D5-6174-4612-B2AD-1D53C48C872A}.Debug|Any CPU.ActiveCfg = Debug|Any CPU
		{C4E4E3D5-6174-4612-B2AD-1D53C48C872A}.Debug|Any CPU.Build.0 = Debug|Any CPU
		{C4E4E3D5-6174-4612-B2AD-1D53C48C872A}.Release|Any CPU.ActiveCfg = Release|Any CPU
		{C4E4E3D5-6174-4612-B2AD-1D53C48C872A}.Release|Any CPU.Build.0 = Release|Any CPU
	EndGlobalSection
	GlobalSection(SolutionProperties) = preSolution
		HideSolutionNode = FALSE
	EndGlobalSection
	GlobalSection(ExtensibilityGlobals) = postSolution
		SolutionGuid = {0699B741-1349-44EC-897E-B892C56BD034}
	EndGlobalSection
EndGlobal
